{
  "version": 4,
  "terraform_version": "1.1.8",
  "serial": 22,
  "lineage": "f54ff6af-0afb-e8a1-978f-175fad7f8da0",
  "outputs": {},
  "resources": [
    {
      "module": "module.container",
      "mode": "managed",
      "type": "docker_container",
      "name": "container",
      "provider": "provider[\"registry.terraform.io/kreuzwerker/docker\"]",
      "instances": [
        {
          "schema_version": 2,
          "attributes": {
            "attach": false,
            "bridge": "",
            "capabilities": [],
            "command": [
              "nginx",
              "-g",
              "daemon off;"
            ],
            "container_logs": null,
            "cpu_set": "",
            "cpu_shares": 0,
            "destroy_grace_seconds": null,
            "devices": [],
            "dns": null,
            "dns_opts": null,
            "dns_search": null,
            "domainname": "",
            "entrypoint": [],
            "env": [],
            "exit_code": null,
            "gateway": "172.17.0.1",
            "group_add": null,
            "healthcheck": null,
            "host": [],
            "hostname": "1cbb2273a188",
            "id": "1cbb2273a1886ff6076423c8575c3c39f7d001511515d2353a42926ea817209b",
            "image": "sha256:0cbc605fd8439e74c5537d3c066ee323b85fc429513efc449a45a163351d1123",
            "init": false,
            "ip_address": "172.17.0.2",
            "ip_prefix_length": 16,
            "ipc_mode": "private",
            "labels": [],
            "links": null,
            "log_driver": "json-file",
            "log_opts": null,
            "logs": false,
            "max_retry_count": 0,
            "memory": 0,
            "memory_swap": 0,
            "mounts": [],
            "must_run": true,
            "name": "Site-dev",
            "network_alias": null,
            "network_data": [
              {
                "gateway": "172.17.0.1",
                "global_ipv6_address": "",
                "global_ipv6_prefix_length": 0,
                "ip_address": "172.17.0.2",
                "ip_prefix_length": 16,
                "ipv6_gateway": "",
                "network_name": "bridge"
              }
            ],
            "network_mode": "default",
            "networks": null,
            "networks_advanced": [],
            "pid_mode": "",
            "ports": [
              {
                "external": 80,
                "internal": 80,
                "ip": "0.0.0.0",
                "protocol": "tcp"
              }
            ],
            "privileged": false,
            "publish_all_ports": false,
            "read_only": false,
            "remove_volumes": true,
            "restart": "no",
            "rm": false,
            "security_opts": [],
            "shm_size": 64,
            "start": true,
            "stdin_open": false,
            "sysctls": null,
            "tmpfs": null,
            "tty": false,
            "ulimit": [],
            "upload": [],
            "user": "",
            "userns_mode": "",
            "volumes": [],
            "working_dir": ""
          },
          "sensitive_attributes": [],
          "private": "eyJzY2hlbWFfdmVyc2lvbiI6IjIifQ==",
          "dependencies": [
            "module.image.docker_image.img-web"
          ]
        }
      ]
    },
    {
      "module": "module.image",
      "mode": "managed",
      "type": "docker_image",
      "name": "img-web",
      "provider": "provider[\"registry.terraform.io/kreuzwerker/docker\"]",
      "instances": [
        {
          "schema_version": 0,
          "attributes": {
            "build": [],
            "force_remove": null,
            "id": "sha256:0cbc605fd8439e74c5537d3c066ee323b85fc429513efc449a45a163351d1123shekeriev/terraform-docker:dev",
            "keep_locally": null,
            "latest": "sha256:0cbc605fd8439e74c5537d3c066ee323b85fc429513efc449a45a163351d1123",
            "name": "shekeriev/terraform-docker:dev",
            "output": null,
            "pull_trigger": null,
            "pull_triggers": null,
            "repo_digest": "shekeriev/terraform-docker@sha256:72142eb41707eb15eadfd0fb2e34f1e9c31fc4df1fc4fc3fe1c4c5db1321750e"
          },
          "sensitive_attributes": [],
          "private": "bnVsbA=="
        }
      ]
    }
  ]
}
