{
  "version": 4,
  "terraform_version": "1.1.8",
  "serial": 1,
  "lineage": "8856b193-cc4a-8abf-0bad-9d3485bb0999",
  "outputs": {
    "image_out": {
      "value": "shekeriev/terraform-docker:latest",
      "type": "string"
    }
  },
  "resources": [
    {
      "mode": "managed",
      "type": "docker_image",
      "name": "img-web",
      "provider": "provider[\"registry.terraform.io/kreuzwerker/docker\"]",
      "instances": [
        {
          "schema_version": 0,
          "attributes": {
            "build": [],
            "force_remove": null,
            "id": "sha256:fc4045ca404282cb9e4b3bcdf62dbb858bd93d07bd725896e5a8cfb0bdb16336shekeriev/terraform-docker:latest",
            "keep_locally": null,
            "latest": "sha256:fc4045ca404282cb9e4b3bcdf62dbb858bd93d07bd725896e5a8cfb0bdb16336",
            "name": "shekeriev/terraform-docker:latest",
            "output": null,
            "pull_trigger": null,
            "pull_triggers": null,
            "repo_digest": "shekeriev/terraform-docker@sha256:acc3e95ff9531cfbc38a07160c07c1442a055cbb96b41a726f1507026db475c9"
          },
          "sensitive_attributes": [],
          "private": "bnVsbA=="
        }
      ]
    }
  ]
}
